{
  "name": "named_sql",
  "version": "2.0.0",
  "dependencies": {
    "lodash": {
      "version": "3.10.1",
      "from": "lodash@*",
      "resolved": "https://registry.npmjs.org/lodash/-/lodash-3.10.1.tgz"
    },
    "pg-escape": {
      "version": "0.1.0",
      "from": "pg-escape@*",
      "resolved": "https://registry.npmjs.org/pg-escape/-/pg-escape-0.1.0.tgz"
    }
  }
}
